// !$*UTF8*$!
{
	archiveVersion = 1;
	classes = {
	};
	objectVersion = 46;
	objects = {

/* Begin PBXBuildFile section */
		642E406914D610E7002BF00E /* Foundation.framework in Frameworks */ = {isa = PBXBuildFile; fileRef = 642E406814D610E7002BF00E /* Foundation.framework */; };
		642E406C14D610E7002BF00E /* main.m in Sources */ = {isa = PBXBuildFile; fileRef = 642E406B14D610E7002BF00E /* main.m */; };
		642E407014D610E7002BF00E /* simple.1 in CopyFiles */ = {isa = PBXBuildFile; fileRef = 642E406F14D610E7002BF00E /* simple.1 */; };
/* End PBXBuildFile section */

/* Begin PBXCopyFilesBuildPhase section */
		642E406214D610E7002BF00E /* CopyFiles */ = {
			isa = PBXCopyFilesBuildPhase;
			buildActionMask = 2147483647;
			dstPath = /usr/share/man/man1/;
			dstSubfolderSpec = 0;
			files = (
				642E407014D610E7002BF00E /* simple.1 in CopyFiles */,
			);
			runOnlyForDeploymentPostprocessing = 1;
		};
/* End PBXCopyFilesBuildPhase section */

/* Begin PBXFileReference section */
		642E406414D610E7002BF00E /* simple */ = {isa = PBXFileReference; explicitFileType = "compiled.mach-o.executable"; includeInIndex = 0; path = simple; sourceTree = BUILT_PRODUCTS_DIR; };
		642E406814D610E7002BF00E /* Foundation.framework */ = {isa = PBXFileReference; lastKnownFileType = wrapper.framework; name = Foundation.framework; path = System/Library/Frameworks/Foundation.framework; sourceTree = SDKROOT; };
		642E406B14D610E7002BF00E /* main.m */ = {isa = PBXFileReference; lastKnownFileType = sourcecode.c.objc; path = main.m; sourceTree = "<group>"; };
		642E406E14D610E7002BF00E /* simple-Prefix.pch */ = {isa = PBXFileReference; lastKnownFileType = sourcecode.c.h; path = "simple-Prefix.pch"; sourceTree = "<group>"; };
		642E406F14D610E7002BF00E /* simple.1 */ = {isa = PBXFileReference; lastKnownFileType = text.man; path = simple.1; sourceTree = "<group>"; };
/* End PBXFileReference section */

/* Begin PBXFrameworksBuildPhase section */
		642E406114D610E7002BF00E /* Frameworks */ = {
			isa = PBXFrameworksBuildPhase;
			buildActionMask = 2147483647;
			files = (
				642E406914D610E7002BF00E /* Foundation.framework in Frameworks */,
			);
			runOnlyForDeploymentPostprocessing = 0;
		};
/* End PBXFrameworksBuildPhase section */

/* Begin PBXGroup section */
		642E405914D610E7002BF00E = {
			isa = PBXGroup;
			children = (
				642E406A14D610E7002BF00E /* simple */,
				642E406714D610E7002BF00E /* Frameworks */,
				642E406514D610E7002BF00E /* Products */,
			);
			sourceTree = "<group>";
		};
		642E406514D610E7002BF00E /* Products */ = {
			isa = PBXGroup;
			children = (
				642E406414D610E7002BF00E /* simple */,
			);
			name = Products;
			sourceTree = "<group>";
		};
		642E406714D610E7002BF00E /* Frameworks */ = {
			isa = PBXGroup;
			children = (
				642E406814D610E7002BF00E /* Foundation.framework */,
			);
			name = Frameworks;
			sourceTree = "<group>";
		};
		642E406A14D610E7002BF00E /* simple */ = {
			isa = PBXGroup;
			children = (
				642E406B14D610E7002BF00E /* main.m */,
				642E406F14D610E7002BF00E /* simple.1 */,
				642E406D14D610E7002BF00E /* Supporting Files */,
			);
			path = simple;
			sourceTree = "<group>";
		};
		642E406D14D610E7002BF00E /* Supporting Files */ = {
			isa = PBXGroup;
			children = (
				642E406E14D610E7002BF00E /* simple-Prefix.pch */,
			);
			name = "Supporting Files";
			sourceTree = "<group>";
		};
/* End PBXGroup section */

/* Begin PBXNativeTarget section */
		642E406314D610E7002BF00E /* simple */ = {
			isa = PBXNativeTarget;
			buildConfigurationList = 642E407314D610E7002BF00E /* Build configuration list for PBXNativeTarget "simple" */;
			buildPhases = (
				642E406014D610E7002BF00E /* Sources */,
				642E406114D610E7002BF00E /* Frameworks */,
				642E406214D610E7002BF00E /* CopyFiles */,
			);
			buildRules = (
			);
			dependencies = (
			);
			name = simple;
			productName = simple;
			productReference = 642E406414D610E7002BF00E /* simple */;
			productType = "com.apple.product-type.tool";
		};
/* End PBXNativeTarget section */

/* Begin PBXProject section */
		642E405B14D610E7002BF00E /* Project object */ = {
			isa = PBXProject;
			attributes = {
				LastUpgradeCheck = 0420;
				ORGANIZATIONNAME = "Google Voice";
			};
			buildConfigurationList = 642E405E14D610E7002BF00E /* Build configuration list for PBXProject "simple" */;
			compatibilityVersion = "Xcode 3.2";
			developmentRegion = English;
			hasScannedForEncodings = 0;
			knownRegions = (
				en,
			);
			mainGroup = 642E405914D610E7002BF00E;
			productRefGroup = 642E406514D610E7002BF00E /* Products */;
			projectDirPath = "";
			projectRoot = "";
			targets = (
				642E406314D610E7002BF00E /* simple */,
			);
		};
/* End PBXProject section */

/* Begin PBXSourcesBuildPhase section */
		642E406014D610E7002BF00E /* Sources */ = {
			isa = PBXSourcesBuildPhase;
			buildActionMask = 2147483647;
			files = (
				642E406C14D610E7002BF00E /* main.m in Sources */,
			);
			runOnlyForDeploymentPostprocessing = 0;
		};
/* End PBXSourcesBuildPhase section */

/* Begin XCBuildConfiguration section */
		642E407114D610E7002BF00E /* Debug */ = {
			isa = XCBuildConfiguration;
			buildSettings = {
				ALWAYS_SEARCH_USER_PATHS = NO;
				ARCHS = "$(ARCHS_STANDARD_64_BIT)";
				CLANG_ENABLE_OBJC_ARC = YES;
				COPY_PHASE_STRIP = NO;
				GCC_C_LANGUAGE_STANDARD = gnu99;
				GCC_DYNAMIC_NO_PIC = NO;
				GCC_ENABLE_OBJC_EXCEPTIONS = YES;
				GCC_OPTIMIZATION_LEVEL = 0;
				GCC_PREPROCESSOR_DEFINITIONS = (
					"DEBUG=1",
					"$(inherited)",
				);
				GCC_SYMBOLS_PRIVATE_EXTERN = NO;
				GCC_VERSION = com.apple.compilers.llvm.clang.1_0;
				GCC_WARN_64_TO_32_BIT_CONVERSION = YES;
				GCC_WARN_ABOUT_MISSING_PROTOTYPES = YES;
				GCC_WARN_ABOUT_RETURN_TYPE = YES;
				GCC_WARN_UNUSED_VARIABLE = YES;
				MACOSX_DEPLOYMENT_TARGET = 10.7;
				ONLY_ACTIVE_ARCH = YES;
				SDKROOT = macosx;
			};
			name = Debug;
		};
		642E407214D610E7002BF00E /* Release */ = {
			isa = XCBuildConfiguration;
			buildSettings = {
				ALWAYS_SEARCH_USER_PATHS = NO;
				ARCHS = "$(ARCHS_STANDARD_64_BIT)";
				CLANG_ENABLE_OBJC_ARC = YES;
				COPY_PHASE_STRIP = YES;
				DEBUG_INFORMATION_FORMAT = "dwarf-with-dsym";
				GCC_C_LANGUAGE_STANDARD = gnu99;
				GCC_ENABLE_OBJC_EXCEPTIONS = YES;
				GCC_VERSION = com.apple.compilers.llvm.clang.1_0;
				GCC_WARN_64_TO_32_BIT_CONVERSION = YES;
				GCC_WARN_ABOUT_MISSING_PROTOTYPES = YES;
				GCC_WARN_ABOUT_RETURN_TYPE = YES;
				GCC_WARN_UNUSED_VARIABLE = YES;
				MACOSX_DEPLOYMENT_TARGET = 10.7;
				SDKROOT = macosx;
			};
			name = Release;
		};
		642E407414D610E7002BF00E /* Debug */ = {
			isa = XCBuildConfiguration;
			buildSettings = {
				GCC_PRECOMPILE_PREFIX_HEADER = YES;
				GCC_PREFIX_HEADER = "simple/simple-Prefix.pch";
				PRODUCT_NAME = "$(TARGET_NAME)";
			};
			name = Debug;
		};
		642E407514D610E7002BF00E /* Release */ = {
			isa = XCBuildConfiguration;
			buildSettings = {
				GCC_PRECOMPILE_PREFIX_HEADER = YES;
				GCC_PREFIX_HEADER = "simple/simple-Prefix.pch";
				PRODUCT_NAME = "$(TARGET_NAME)";
			};
			name = Release;
		};
/* End XCBuildConfiguration section */

/* Begin XCConfigurationList section */
		642E405E14D610E7002BF00E /* Build configuration list for PBXProject "simple" */ = {
			isa = XCConfigurationList;
			buildConfigurations = (
				642E407114D610E7002BF00E /* Debug */,
				642E407214D610E7002BF00E /* Release */,
			);
			defaultConfigurationIsVisible = 0;
			defaultConfigurationName = Release;
		};
		642E407314D610E7002BF00E /* Build configuration list for PBXNativeTarget "simple" */ = {
			isa = XCConfigurationList;
			buildConfigurations = (
				642E407414D610E7002BF00E /* Debug */,
				642E407514D610E7002BF00E /* Release */,
			);
			defaultConfigurationIsVisible = 0;
		};
/* End XCConfigurationList section */
	};
	rootObject = 642E405B14D610E7002BF00E /* Project object */;
}
