// !$*UTF8*$!
{
	archiveVersion = 1;
	classes = {
	};
	objectVersion = 46;
	objects = {

/* Begin PBXBuildFile section */
		64F85B7E14ED7D6400B32104 /* UIKit.framework in Frameworks */ = {isa = PBXBuildFile; fileRef = 64F85B7D14ED7D6400B32104 /* UIKit.framework */; };
		64F85B8014ED7D6400B32104 /* Foundation.framework in Frameworks */ = {isa = PBXBuildFile; fileRef = 64F85B7F14ED7D6400B32104 /* Foundation.framework */; };
		64F85B8214ED7D6400B32104 /* CoreGraphics.framework in Frameworks */ = {isa = PBXBuildFile; fileRef = 64F85B8114ED7D6400B32104 /* CoreGraphics.framework */; };
		64F85B8814ED7D6400B32104 /* InfoPlist.strings in Resources */ = {isa = PBXBuildFile; fileRef = 64F85B8614ED7D6400B32104 /* InfoPlist.strings */; };
		64F85B8A14ED7D6400B32104 /* main.m in Sources */ = {isa = PBXBuildFile; fileRef = 64F85B8914ED7D6400B32104 /* main.m */; };
		64F85B8E14ED7D6400B32104 /* AppDelegate.m in Sources */ = {isa = PBXBuildFile; fileRef = 64F85B8D14ED7D6400B32104 /* AppDelegate.m */; };
		64F85B9114ED7D6400B32104 /* MainStoryboard_iPhone.storyboard in Resources */ = {isa = PBXBuildFile; fileRef = 64F85B8F14ED7D6400B32104 /* MainStoryboard_iPhone.storyboard */; };
		64F85B9414ED7D6400B32104 /* MainStoryboard_iPad.storyboard in Resources */ = {isa = PBXBuildFile; fileRef = 64F85B9214ED7D6400B32104 /* MainStoryboard_iPad.storyboard */; };
		64F85B9714ED7D6400B32104 /* ViewController.m in Sources */ = {isa = PBXBuildFile; fileRef = 64F85B9614ED7D6400B32104 /* ViewController.m */; };
/* End PBXBuildFile section */

/* Begin PBXFileReference section */
		64F85B7914ED7D6400B32104 /* PedramTest1.app */ = {isa = PBXFileReference; explicitFileType = wrapper.application; includeInIndex = 0; path = PedramTest1.app; sourceTree = BUILT_PRODUCTS_DIR; };
		64F85B7D14ED7D6400B32104 /* UIKit.framework */ = {isa = PBXFileReference; lastKnownFileType = wrapper.framework; name = UIKit.framework; path = System/Library/Frameworks/UIKit.framework; sourceTree = SDKROOT; };
		64F85B7F14ED7D6400B32104 /* Foundation.framework */ = {isa = PBXFileReference; lastKnownFileType = wrapper.framework; name = Foundation.framework; path = System/Library/Frameworks/Foundation.framework; sourceTree = SDKROOT; };
		64F85B8114ED7D6400B32104 /* CoreGraphics.framework */ = {isa = PBXFileReference; lastKnownFileType = wrapper.framework; name = CoreGraphics.framework; path = System/Library/Frameworks/CoreGraphics.framework; sourceTree = SDKROOT; };
		64F85B8514ED7D6400B32104 /* PedramTest1-Info.plist */ = {isa = PBXFileReference; lastKnownFileType = text.plist.xml; path = "PedramTest1-Info.plist"; sourceTree = "<group>"; };
		64F85B8714ED7D6400B32104 /* en */ = {isa = PBXFileReference; lastKnownFileType = text.plist.strings; name = en; path = en.lproj/InfoPlist.strings; sourceTree = "<group>"; };
		64F85B8914ED7D6400B32104 /* main.m */ = {isa = PBXFileReference; lastKnownFileType = sourcecode.c.objc; path = main.m; sourceTree = "<group>"; };
		64F85B8B14ED7D6400B32104 /* PedramTest1-Prefix.pch */ = {isa = PBXFileReference; lastKnownFileType = sourcecode.c.h; path = "PedramTest1-Prefix.pch"; sourceTree = "<group>"; };
		64F85B8C14ED7D6400B32104 /* AppDelegate.h */ = {isa = PBXFileReference; lastKnownFileType = sourcecode.c.h; path = AppDelegate.h; sourceTree = "<group>"; };
		64F85B8D14ED7D6400B32104 /* AppDelegate.m */ = {isa = PBXFileReference; lastKnownFileType = sourcecode.c.objc; path = AppDelegate.m; sourceTree = "<group>"; };
		64F85B9014ED7D6400B32104 /* en */ = {isa = PBXFileReference; lastKnownFileType = file.storyboard; name = en; path = en.lproj/MainStoryboard_iPhone.storyboard; sourceTree = "<group>"; };
		64F85B9314ED7D6400B32104 /* en */ = {isa = PBXFileReference; lastKnownFileType = file.storyboard; name = en; path = en.lproj/MainStoryboard_iPad.storyboard; sourceTree = "<group>"; };
		64F85B9514ED7D6400B32104 /* ViewController.h */ = {isa = PBXFileReference; lastKnownFileType = sourcecode.c.h; path = ViewController.h; sourceTree = "<group>"; };
		64F85B9614ED7D6400B32104 /* ViewController.m */ = {isa = PBXFileReference; lastKnownFileType = sourcecode.c.objc; path = ViewController.m; sourceTree = "<group>"; };
/* End PBXFileReference section */

/* Begin PBXFrameworksBuildPhase section */
		64F85B7614ED7D6400B32104 /* Frameworks */ = {
			isa = PBXFrameworksBuildPhase;
			buildActionMask = 2147483647;
			files = (
				64F85B7E14ED7D6400B32104 /* UIKit.framework in Frameworks */,
				64F85B8014ED7D6400B32104 /* Foundation.framework in Frameworks */,
				64F85B8214ED7D6400B32104 /* CoreGraphics.framework in Frameworks */,
			);
			runOnlyForDeploymentPostprocessing = 0;
		};
/* End PBXFrameworksBuildPhase section */

/* Begin PBXGroup section */
		64F85B6E14ED7D6400B32104 = {
			isa = PBXGroup;
			children = (
				64F85B8314ED7D6400B32104 /* PedramTest1 */,
				64F85B7C14ED7D6400B32104 /* Frameworks */,
				64F85B7A14ED7D6400B32104 /* Products */,
			);
			sourceTree = "<group>";
		};
		64F85B7A14ED7D6400B32104 /* Products */ = {
			isa = PBXGroup;
			children = (
				64F85B7914ED7D6400B32104 /* PedramTest1.app */,
			);
			name = Products;
			sourceTree = "<group>";
		};
		64F85B7C14ED7D6400B32104 /* Frameworks */ = {
			isa = PBXGroup;
			children = (
				64F85B7D14ED7D6400B32104 /* UIKit.framework */,
				64F85B7F14ED7D6400B32104 /* Foundation.framework */,
				64F85B8114ED7D6400B32104 /* CoreGraphics.framework */,
			);
			name = Frameworks;
			sourceTree = "<group>";
		};
		64F85B8314ED7D6400B32104 /* PedramTest1 */ = {
			isa = PBXGroup;
			children = (
				64F85B8C14ED7D6400B32104 /* AppDelegate.h */,
				64F85B8D14ED7D6400B32104 /* AppDelegate.m */,
				64F85B8F14ED7D6400B32104 /* MainStoryboard_iPhone.storyboard */,
				64F85B9214ED7D6400B32104 /* MainStoryboard_iPad.storyboard */,
				64F85B9514ED7D6400B32104 /* ViewController.h */,
				64F85B9614ED7D6400B32104 /* ViewController.m */,
				64F85B8414ED7D6400B32104 /* Supporting Files */,
			);
			path = PedramTest1;
			sourceTree = "<group>";
		};
		64F85B8414ED7D6400B32104 /* Supporting Files */ = {
			isa = PBXGroup;
			children = (
				64F85B8514ED7D6400B32104 /* PedramTest1-Info.plist */,
				64F85B8614ED7D6400B32104 /* InfoPlist.strings */,
				64F85B8914ED7D6400B32104 /* main.m */,
				64F85B8B14ED7D6400B32104 /* PedramTest1-Prefix.pch */,
			);
			name = "Supporting Files";
			sourceTree = "<group>";
		};
/* End PBXGroup section */

/* Begin PBXNativeTarget section */
		64F85B7814ED7D6400B32104 /* PedramTest1 */ = {
			isa = PBXNativeTarget;
			buildConfigurationList = 64F85B9A14ED7D6400B32104 /* Build configuration list for PBXNativeTarget "PedramTest1" */;
			buildPhases = (
				64F85B7514ED7D6400B32104 /* Sources */,
				64F85B7614ED7D6400B32104 /* Frameworks */,
				64F85B7714ED7D6400B32104 /* Resources */,
			);
			buildRules = (
			);
			dependencies = (
			);
			name = PedramTest1;
			productName = PedramTest1;
			productReference = 64F85B7914ED7D6400B32104 /* PedramTest1.app */;
			productType = "com.apple.product-type.application";
		};
/* End PBXNativeTarget section */

/* Begin PBXProject section */
		64F85B7014ED7D6400B32104 /* Project object */ = {
			isa = PBXProject;
			attributes = {
				LastUpgradeCheck = 0420;
				ORGANIZATIONNAME = "Google Voice";
			};
			buildConfigurationList = 64F85B7314ED7D6400B32104 /* Build configuration list for PBXProject "PedramTest1" */;
			compatibilityVersion = "Xcode 3.2";
			developmentRegion = English;
			hasScannedForEncodings = 0;
			knownRegions = (
				en,
			);
			mainGroup = 64F85B6E14ED7D6400B32104;
			productRefGroup = 64F85B7A14ED7D6400B32104 /* Products */;
			projectDirPath = "";
			projectRoot = "";
			targets = (
				64F85B7814ED7D6400B32104 /* PedramTest1 */,
			);
		};
/* End PBXProject section */

/* Begin PBXResourcesBuildPhase section */
		64F85B7714ED7D6400B32104 /* Resources */ = {
			isa = PBXResourcesBuildPhase;
			buildActionMask = 2147483647;
			files = (
				64F85B8814ED7D6400B32104 /* InfoPlist.strings in Resources */,
				64F85B9114ED7D6400B32104 /* MainStoryboard_iPhone.storyboard in Resources */,
				64F85B9414ED7D6400B32104 /* MainStoryboard_iPad.storyboard in Resources */,
			);
			runOnlyForDeploymentPostprocessing = 0;
		};
/* End PBXResourcesBuildPhase section */

/* Begin PBXSourcesBuildPhase section */
		64F85B7514ED7D6400B32104 /* Sources */ = {
			isa = PBXSourcesBuildPhase;
			buildActionMask = 2147483647;
			files = (
				64F85B8A14ED7D6400B32104 /* main.m in Sources */,
				64F85B8E14ED7D6400B32104 /* AppDelegate.m in Sources */,
				64F85B9714ED7D6400B32104 /* ViewController.m in Sources */,
			);
			runOnlyForDeploymentPostprocessing = 0;
		};
/* End PBXSourcesBuildPhase section */

/* Begin PBXVariantGroup section */
		64F85B8614ED7D6400B32104 /* InfoPlist.strings */ = {
			isa = PBXVariantGroup;
			children = (
				64F85B8714ED7D6400B32104 /* en */,
			);
			name = InfoPlist.strings;
			sourceTree = "<group>";
		};
		64F85B8F14ED7D6400B32104 /* MainStoryboard_iPhone.storyboard */ = {
			isa = PBXVariantGroup;
			children = (
				64F85B9014ED7D6400B32104 /* en */,
			);
			name = MainStoryboard_iPhone.storyboard;
			sourceTree = "<group>";
		};
		64F85B9214ED7D6400B32104 /* MainStoryboard_iPad.storyboard */ = {
			isa = PBXVariantGroup;
			children = (
				64F85B9314ED7D6400B32104 /* en */,
			);
			name = MainStoryboard_iPad.storyboard;
			sourceTree = "<group>";
		};
/* End PBXVariantGroup section */

/* Begin XCBuildConfiguration section */
		64F85B9814ED7D6400B32104 /* Debug */ = {
			isa = XCBuildConfiguration;
			buildSettings = {
				ALWAYS_SEARCH_USER_PATHS = NO;
				ARCHS = "$(ARCHS_STANDARD_32_BIT)";
				CLANG_ENABLE_OBJC_ARC = YES;
				"CODE_SIGN_IDENTITY[sdk=iphoneos*]" = "iPhone Developer";
				COPY_PHASE_STRIP = NO;
				GCC_C_LANGUAGE_STANDARD = gnu99;
				GCC_DYNAMIC_NO_PIC = NO;
				GCC_OPTIMIZATION_LEVEL = 0;
				GCC_PREPROCESSOR_DEFINITIONS = (
					"DEBUG=1",
					"$(inherited)",
				);
				GCC_SYMBOLS_PRIVATE_EXTERN = NO;
				GCC_VERSION = com.apple.compilers.llvm.clang.1_0;
				GCC_WARN_ABOUT_MISSING_PROTOTYPES = YES;
				GCC_WARN_ABOUT_RETURN_TYPE = YES;
				GCC_WARN_UNUSED_VARIABLE = YES;
				IPHONEOS_DEPLOYMENT_TARGET = 5.0;
				SDKROOT = iphoneos;
				TARGETED_DEVICE_FAMILY = "1,2";
			};
			name = Debug;
		};
		64F85B9914ED7D6400B32104 /* Release */ = {
			isa = XCBuildConfiguration;
			buildSettings = {
				ALWAYS_SEARCH_USER_PATHS = NO;
				ARCHS = "$(ARCHS_STANDARD_32_BIT)";
				CLANG_ENABLE_OBJC_ARC = YES;
				"CODE_SIGN_IDENTITY[sdk=iphoneos*]" = "iPhone Developer";
				COPY_PHASE_STRIP = YES;
				GCC_C_LANGUAGE_STANDARD = gnu99;
				GCC_VERSION = com.apple.compilers.llvm.clang.1_0;
				GCC_WARN_ABOUT_MISSING_PROTOTYPES = YES;
				GCC_WARN_ABOUT_RETURN_TYPE = YES;
				GCC_WARN_UNUSED_VARIABLE = YES;
				IPHONEOS_DEPLOYMENT_TARGET = 5.0;
				OTHER_CFLAGS = "-DNS_BLOCK_ASSERTIONS=1";
				SDKROOT = iphoneos;
				TARGETED_DEVICE_FAMILY = "1,2";
				VALIDATE_PRODUCT = YES;
			};
			name = Release;
		};
		64F85B9B14ED7D6400B32104 /* Debug */ = {
			isa = XCBuildConfiguration;
			buildSettings = {
				GCC_PRECOMPILE_PREFIX_HEADER = YES;
				GCC_PREFIX_HEADER = "PedramTest1/PedramTest1-Prefix.pch";
				INFOPLIST_FILE = "PedramTest1/PedramTest1-Info.plist";
				PRODUCT_NAME = "$(TARGET_NAME)";
				WRAPPER_EXTENSION = app;
			};
			name = Debug;
		};
		64F85B9C14ED7D6400B32104 /* Release */ = {
			isa = XCBuildConfiguration;
			buildSettings = {
				GCC_PRECOMPILE_PREFIX_HEADER = YES;
				GCC_PREFIX_HEADER = "PedramTest1/PedramTest1-Prefix.pch";
				INFOPLIST_FILE = "PedramTest1/PedramTest1-Info.plist";
				PRODUCT_NAME = "$(TARGET_NAME)";
				WRAPPER_EXTENSION = app;
			};
			name = Release;
		};
/* End XCBuildConfiguration section */

/* Begin XCConfigurationList section */
		64F85B7314ED7D6400B32104 /* Build configuration list for PBXProject "PedramTest1" */ = {
			isa = XCConfigurationList;
			buildConfigurations = (
				64F85B9814ED7D6400B32104 /* Debug */,
				64F85B9914ED7D6400B32104 /* Release */,
			);
			defaultConfigurationIsVisible = 0;
			defaultConfigurationName = Release;
		};
		64F85B9A14ED7D6400B32104 /* Build configuration list for PBXNativeTarget "PedramTest1" */ = {
			isa = XCConfigurationList;
			buildConfigurations = (
				64F85B9B14ED7D6400B32104 /* Debug */,
				64F85B9C14ED7D6400B32104 /* Release */,
			);
			defaultConfigurationIsVisible = 0;
		};
/* End XCConfigurationList section */
	};
	rootObject = 64F85B7014ED7D6400B32104 /* Project object */;
}
